// !$*UTF8*$!
{
	archiveVersion = 1;
	classes = {
	};
	objectVersion = 50;
	objects = {

/* Begin PBXBuildFile section */
		EA14E939241674F400F6C198 /* AppDelegate.swift in Sources */ = {isa = PBXBuildFile; fileRef = EA14E938241674F400F6C198 /* AppDelegate.swift */; };
		EA14E93B241674F400F6C198 /* SceneDelegate.swift in Sources */ = {isa = PBXBuildFile; fileRef = EA14E93A241674F400F6C198 /* SceneDelegate.swift */; };
		EA14E93D241674F400F6C198 /* ContentView.swift in Sources */ = {isa = PBXBuildFile; fileRef = EA14E93C241674F400F6C198 /* ContentView.swift */; };
		EA14E93F241674F500F6C198 /* Assets.xcassets in Resources */ = {isa = PBXBuildFile; fileRef = EA14E93E241674F500F6C198 /* Assets.xcassets */; };
		EA14E942241674F500F6C198 /* Preview Assets.xcassets in Resources */ = {isa = PBXBuildFile; fileRef = EA14E941241674F500F6C198 /* Preview Assets.xcassets */; };
		EA14E945241674F500F6C198 /* LaunchScreen.storyboard in Resources */ = {isa = PBXBuildFile; fileRef = EA14E943241674F500F6C198 /* LaunchScreen.storyboard */; };
		EA14E953241677CE00F6C198 /* MainView.swift in Sources */ = {isa = PBXBuildFile; fileRef = EA14E952241677CE00F6C198 /* MainView.swift */; };
		EA14E955241677F300F6C198 /* TrackViewModel.swift in Sources */ = {isa = PBXBuildFile; fileRef = EA14E954241677F300F6C198 /* TrackViewModel.swift */; };
		EA14E95724167C2100F6C198 /* TrackModel.swift in Sources */ = {isa = PBXBuildFile; fileRef = EA14E95624167C2100F6C198 /* TrackModel.swift */; };
		EA14E9592416817900F6C198 /* SearchViewModel.swift in Sources */ = {isa = PBXBuildFile; fileRef = EA14E9582416817900F6C198 /* SearchViewModel.swift */; };
		EA21C9102420F6FB00891932 /* MainViewModel.swift in Sources */ = {isa = PBXBuildFile; fileRef = EA21C90F2420F6FB00891932 /* MainViewModel.swift */; };
		EA245265241CC62000DF2A79 /* ServiceQuery.swift in Sources */ = {isa = PBXBuildFile; fileRef = EA245264241CC62000DF2A79 /* ServiceQuery.swift */; };
		EA245268241CCBC100DF2A79 /* Track.swift in Sources */ = {isa = PBXBuildFile; fileRef = EA245267241CCBC100DF2A79 /* Track.swift */; };
/* End PBXBuildFile section */

/* Begin PBXFileReference section */
		EA14E935241674F400F6C198 /* Project_F.app */ = {isa = PBXFileReference; explicitFileType = wrapper.application; includeInIndex = 0; path = Project_F.app; sourceTree = BUILT_PRODUCTS_DIR; };
		EA14E938241674F400F6C198 /* AppDelegate.swift */ = {isa = PBXFileReference; lastKnownFileType = sourcecode.swift; path = AppDelegate.swift; sourceTree = "<group>"; };
		EA14E93A241674F400F6C198 /* SceneDelegate.swift */ = {isa = PBXFileReference; lastKnownFileType = sourcecode.swift; path = SceneDelegate.swift; sourceTree = "<group>"; };
		EA14E93C241674F400F6C198 /* ContentView.swift */ = {isa = PBXFileReference; lastKnownFileType = sourcecode.swift; path = ContentView.swift; sourceTree = "<group>"; };
		EA14E93E241674F500F6C198 /* Assets.xcassets */ = {isa = PBXFileReference; lastKnownFileType = folder.assetcatalog; path = Assets.xcassets; sourceTree = "<group>"; };
		EA14E941241674F500F6C198 /* Preview Assets.xcassets */ = {isa = PBXFileReference; lastKnownFileType = folder.assetcatalog; path = "Preview Assets.xcassets"; sourceTree = "<group>"; };
		EA14E944241674F500F6C198 /* Base */ = {isa = PBXFileReference; lastKnownFileType = file.storyboard; name = Base; path = Base.lproj/LaunchScreen.storyboard; sourceTree = "<group>"; };
		EA14E946241674F500F6C198 /* Info.plist */ = {isa = PBXFileReference; lastKnownFileType = text.plist.xml; path = Info.plist; sourceTree = "<group>"; };
		EA14E952241677CE00F6C198 /* MainView.swift */ = {isa = PBXFileReference; lastKnownFileType = sourcecode.swift; path = MainView.swift; sourceTree = "<group>"; };
		EA14E954241677F300F6C198 /* TrackViewModel.swift */ = {isa = PBXFileReference; lastKnownFileType = sourcecode.swift; path = TrackViewModel.swift; sourceTree = "<group>"; };
		EA14E95624167C2100F6C198 /* TrackModel.swift */ = {isa = PBXFileReference; lastKnownFileType = sourcecode.swift; path = TrackModel.swift; sourceTree = "<group>"; };
		EA14E9582416817900F6C198 /* SearchViewModel.swift */ = {isa = PBXFileReference; lastKnownFileType = sourcecode.swift; path = SearchViewModel.swift; sourceTree = "<group>"; };
		EA21C90F2420F6FB00891932 /* MainViewModel.swift */ = {isa = PBXFileReference; lastKnownFileType = sourcecode.swift; path = MainViewModel.swift; sourceTree = "<group>"; };
		EA245264241CC62000DF2A79 /* ServiceQuery.swift */ = {isa = PBXFileReference; lastKnownFileType = sourcecode.swift; path = ServiceQuery.swift; sourceTree = "<group>"; };
		EA245267241CCBC100DF2A79 /* Track.swift */ = {isa = PBXFileReference; lastKnownFileType = sourcecode.swift; path = Track.swift; sourceTree = "<group>"; };
/* End PBXFileReference section */

/* Begin PBXFrameworksBuildPhase section */
		EA14E932241674F400F6C198 /* Frameworks */ = {
			isa = PBXFrameworksBuildPhase;
			buildActionMask = 2147483647;
			files = (
			);
			runOnlyForDeploymentPostprocessing = 0;
		};
/* End PBXFrameworksBuildPhase section */

/* Begin PBXGroup section */
		EA14E92C241674F400F6C198 = {
			isa = PBXGroup;
			children = (
				EA14E937241674F400F6C198 /* Project_F */,
				EA14E936241674F400F6C198 /* Products */,
			);
			sourceTree = "<group>";
		};
		EA14E936241674F400F6C198 /* Products */ = {
			isa = PBXGroup;
			children = (
				EA14E935241674F400F6C198 /* Project_F.app */,
			);
			name = Products;
			sourceTree = "<group>";
		};
		EA14E937241674F400F6C198 /* Project_F */ = {
			isa = PBXGroup;
			children = (
				EA14E938241674F400F6C198 /* AppDelegate.swift */,
				EA14E93A241674F400F6C198 /* SceneDelegate.swift */,
				EA14E93C241674F400F6C198 /* ContentView.swift */,
				EA14E93E241674F500F6C198 /* Assets.xcassets */,
				EA14E943241674F500F6C198 /* LaunchScreen.storyboard */,
				EA14E946241674F500F6C198 /* Info.plist */,
				EA14E94C241674F900F6C198 /* src */,
				EA14E940241674F500F6C198 /* Preview Content */,
			);
			path = Project_F;
			sourceTree = "<group>";
		};
		EA14E940241674F500F6C198 /* Preview Content */ = {
			isa = PBXGroup;
			children = (
				EA14E941241674F500F6C198 /* Preview Assets.xcassets */,
			);
			path = "Preview Content";
			sourceTree = "<group>";
		};
		EA14E94C241674F900F6C198 /* src */ = {
			isa = PBXGroup;
			children = (
				EA14E94F241677AD00F6C198 /* dataSource */,
				EA14E94E241677A500F6C198 /* views */,
				EA14E94D2416779E00F6C198 /* viewModel */,
			);
			path = src;
			sourceTree = "<group>";
		};
		EA14E94D2416779E00F6C198 /* viewModel */ = {
			isa = PBXGroup;
			children = (
				EA14E954241677F300F6C198 /* TrackViewModel.swift */,
				EA14E95624167C2100F6C198 /* TrackModel.swift */,
				EA14E9582416817900F6C198 /* SearchViewModel.swift */,
				EA21C90F2420F6FB00891932 /* MainViewModel.swift */,
			);
			path = viewModel;
			sourceTree = "<group>";
		};
		EA14E94E241677A500F6C198 /* views */ = {
			isa = PBXGroup;
			children = (
				EA14E952241677CE00F6C198 /* MainView.swift */,
			);
			path = views;
			sourceTree = "<group>";
		};
		EA14E94F241677AD00F6C198 /* dataSource */ = {
			isa = PBXGroup;
			children = (
				EA245266241CCBB700DF2A79 /* model */,
				EA245261241CC5DF00DF2A79 /* remote */,
			);
			path = dataSource;
			sourceTree = "<group>";
		};
		EA245261241CC5DF00DF2A79 /* remote */ = {
			isa = PBXGroup;
			children = (
				EA245264241CC62000DF2A79 /* ServiceQuery.swift */,
			);
			path = remote;
			sourceTree = "<group>";
		};
		EA245266241CCBB700DF2A79 /* model */ = {
			isa = PBXGroup;
			children = (
				EA245267241CCBC100DF2A79 /* Track.swift */,
			);
			path = model;
			sourceTree = "<group>";
		};
/* End PBXGroup section */

/* Begin PBXNativeTarget section */
		EA14E934241674F400F6C198 /* Project_F */ = {
			isa = PBXNativeTarget;
			buildConfigurationList = EA14E949241674F500F6C198 /* Build configuration list for PBXNativeTarget "Project_F" */;
			buildPhases = (
				EA14E931241674F400F6C198 /* Sources */,
				EA14E932241674F400F6C198 /* Frameworks */,
				EA14E933241674F400F6C198 /* Resources */,
			);
			buildRules = (
			);
			dependencies = (
			);
			name = Project_F;
			productName = Project_F;
			productReference = EA14E935241674F400F6C198 /* Project_F.app */;
			productType = "com.apple.product-type.application";
		};
/* End PBXNativeTarget section */

/* Begin PBXProject section */
		EA14E92D241674F400F6C198 /* Project object */ = {
			isa = PBXProject;
			attributes = {
				LastSwiftUpdateCheck = 1120;
				LastUpgradeCheck = 1120;
				ORGANIZATIONNAME = gwonii;
				TargetAttributes = {
					EA14E934241674F400F6C198 = {
						CreatedOnToolsVersion = 11.2.1;
					};
				};
			};
			buildConfigurationList = EA14E930241674F400F6C198 /* Build configuration list for PBXProject "Project_F" */;
			compatibilityVersion = "Xcode 9.3";
			developmentRegion = en;
			hasScannedForEncodings = 0;
			knownRegions = (
				en,
				Base,
			);
			mainGroup = EA14E92C241674F400F6C198;
			productRefGroup = EA14E936241674F400F6C198 /* Products */;
			projectDirPath = "";
			projectRoot = "";
			targets = (
				EA14E934241674F400F6C198 /* Project_F */,
			);
		};
/* End PBXProject section */

/* Begin PBXResourcesBuildPhase section */
		EA14E933241674F400F6C198 /* Resources */ = {
			isa = PBXResourcesBuildPhase;
			buildActionMask = 2147483647;
			files = (
				EA14E945241674F500F6C198 /* LaunchScreen.storyboard in Resources */,
				EA14E942241674F500F6C198 /* Preview Assets.xcassets in Resources */,
				EA14E93F241674F500F6C198 /* Assets.xcassets in Resources */,
			);
			runOnlyForDeploymentPostprocessing = 0;
		};
/* End PBXResourcesBuildPhase section */

/* Begin PBXSourcesBuildPhase section */
		EA14E931241674F400F6C198 /* Sources */ = {
			isa = PBXSourcesBuildPhase;
			buildActionMask = 2147483647;
			files = (
				EA14E955241677F300F6C198 /* TrackViewModel.swift in Sources */,
				EA14E9592416817900F6C198 /* SearchViewModel.swift in Sources */,
				EA14E95724167C2100F6C198 /* TrackModel.swift in Sources */,
				EA14E939241674F400F6C198 /* AppDelegate.swift in Sources */,
				EA245265241CC62000DF2A79 /* ServiceQuery.swift in Sources */,
				EA21C9102420F6FB00891932 /* MainViewModel.swift in Sources */,
				EA245268241CCBC100DF2A79 /* Track.swift in Sources */,
				EA14E93B241674F400F6C198 /* SceneDelegate.swift in Sources */,
				EA14E953241677CE00F6C198 /* MainView.swift in Sources */,
				EA14E93D241674F400F6C198 /* ContentView.swift in Sources */,
			);
			runOnlyForDeploymentPostprocessing = 0;
		};
/* End PBXSourcesBuildPhase section */

/* Begin PBXVariantGroup section */
		EA14E943241674F500F6C198 /* LaunchScreen.storyboard */ = {
			isa = PBXVariantGroup;
			children = (
				EA14E944241674F500F6C198 /* Base */,
			);
			name = LaunchScreen.storyboard;
			sourceTree = "<group>";
		};
/* End PBXVariantGroup section */

/* Begin XCBuildConfiguration section */
		EA14E947241674F500F6C198 /* Debug */ = {
			isa = XCBuildConfiguration;
			buildSettings = {
				ALWAYS_SEARCH_USER_PATHS = NO;
				CLANG_ANALYZER_NONNULL = YES;
				CLANG_ANALYZER_NUMBER_OBJECT_CONVERSION = YES_AGGRESSIVE;
				CLANG_CXX_LANGUAGE_STANDARD = "gnu++14";
				CLANG_CXX_LIBRARY = "libc++";
				CLANG_ENABLE_MODULES = YES;
				CLANG_ENABLE_OBJC_ARC = YES;
				CLANG_ENABLE_OBJC_WEAK = YES;
				CLANG_WARN_BLOCK_CAPTURE_AUTORELEASING = YES;
				CLANG_WARN_BOOL_CONVERSION = YES;
				CLANG_WARN_COMMA = YES;
				CLANG_WARN_CONSTANT_CONVERSION = YES;
				CLANG_WARN_DEPRECATED_OBJC_IMPLEMENTATIONS = YES;
				CLANG_WARN_DIRECT_OBJC_ISA_USAGE = YES_ERROR;
				CLANG_WARN_DOCUMENTATION_COMMENTS = YES;
				CLANG_WARN_EMPTY_BODY = YES;
				CLANG_WARN_ENUM_CONVERSION = YES;
				CLANG_WARN_INFINITE_RECURSION = YES;
				CLANG_WARN_INT_CONVERSION = YES;
				CLANG_WARN_NON_LITERAL_NULL_CONVERSION = YES;
				CLANG_WARN_OBJC_IMPLICIT_RETAIN_SELF = YES;
				CLANG_WARN_OBJC_LITERAL_CONVERSION = YES;
				CLANG_WARN_OBJC_ROOT_CLASS = YES_ERROR;
				CLANG_WARN_RANGE_LOOP_ANALYSIS = YES;
				CLANG_WARN_STRICT_PROTOTYPES = YES;
				CLANG_WARN_SUSPICIOUS_MOVE = YES;
				CLANG_WARN_UNGUARDED_AVAILABILITY = YES_AGGRESSIVE;
				CLANG_WARN_UNREACHABLE_CODE = YES;
				CLANG_WARN__DUPLICATE_METHOD_MATCH = YES;
				COPY_PHASE_STRIP = NO;
				DEBUG_INFORMATION_FORMAT = dwarf;
				ENABLE_STRICT_OBJC_MSGSEND = YES;
				ENABLE_TESTABILITY = YES;
				GCC_C_LANGUAGE_STANDARD = gnu11;
				GCC_DYNAMIC_NO_PIC = NO;
				GCC_NO_COMMON_BLOCKS = YES;
				GCC_OPTIMIZATION_LEVEL = 0;
				GCC_PREPROCESSOR_DEFINITIONS = (
					"DEBUG=1",
					"$(inherited)",
				);
				GCC_WARN_64_TO_32_BIT_CONVERSION = YES;
				GCC_WARN_ABOUT_RETURN_TYPE = YES_ERROR;
				GCC_WARN_UNDECLARED_SELECTOR = YES;
				GCC_WARN_UNINITIALIZED_AUTOS = YES_AGGRESSIVE;
				GCC_WARN_UNUSED_FUNCTION = YES;
				GCC_WARN_UNUSED_VARIABLE = YES;
				IPHONEOS_DEPLOYMENT_TARGET = 13.2;
				MTL_ENABLE_DEBUG_INFO = INCLUDE_SOURCE;
				MTL_FAST_MATH = YES;
				ONLY_ACTIVE_ARCH = YES;
				SDKROOT = iphoneos;
				SWIFT_ACTIVE_COMPILATION_CONDITIONS = DEBUG;
				SWIFT_OPTIMIZATION_LEVEL = "-Onone";
			};
			name = Debug;
		};
		EA14E948241674F500F6C198 /* Release */ = {
			isa = XCBuildConfiguration;
			buildSettings = {
				ALWAYS_SEARCH_USER_PATHS = NO;
				CLANG_ANALYZER_NONNULL = YES;
				CLANG_ANALYZER_NUMBER_OBJECT_CONVERSION = YES_AGGRESSIVE;
				CLANG_CXX_LANGUAGE_STANDARD = "gnu++14";
				CLANG_CXX_LIBRARY = "libc++";
				CLANG_ENABLE_MODULES = YES;
				CLANG_ENABLE_OBJC_ARC = YES;
				CLANG_ENABLE_OBJC_WEAK = YES;
				CLANG_WARN_BLOCK_CAPTURE_AUTORELEASING = YES;
				CLANG_WARN_BOOL_CONVERSION = YES;
				CLANG_WARN_COMMA = YES;
				CLANG_WARN_CONSTANT_CONVERSION = YES;
				CLANG_WARN_DEPRECATED_OBJC_IMPLEMENTATIONS = YES;
				CLANG_WARN_DIRECT_OBJC_ISA_USAGE = YES_ERROR;
				CLANG_WARN_DOCUMENTATION_COMMENTS = YES;
				CLANG_WARN_EMPTY_BODY = YES;
				CLANG_WARN_ENUM_CONVERSION = YES;
				CLANG_WARN_INFINITE_RECURSION = YES;
				CLANG_WARN_INT_CONVERSION = YES;
				CLANG_WARN_NON_LITERAL_NULL_CONVERSION = YES;
				CLANG_WARN_OBJC_IMPLICIT_RETAIN_SELF = YES;
				CLANG_WARN_OBJC_LITERAL_CONVERSION = YES;
				CLANG_WARN_OBJC_ROOT_CLASS = YES_ERROR;
				CLANG_WARN_RANGE_LOOP_ANALYSIS = YES;
				CLANG_WARN_STRICT_PROTOTYPES = YES;
				CLANG_WARN_SUSPICIOUS_MOVE = YES;
				CLANG_WARN_UNGUARDED_AVAILABILITY = YES_AGGRESSIVE;
				CLANG_WARN_UNREACHABLE_CODE = YES;
				CLANG_WARN__DUPLICATE_METHOD_MATCH = YES;
				COPY_PHASE_STRIP = NO;
				DEBUG_INFORMATION_FORMAT = "dwarf-with-dsym";
				ENABLE_NS_ASSERTIONS = NO;
				ENABLE_STRICT_OBJC_MSGSEND = YES;
				GCC_C_LANGUAGE_STANDARD = gnu11;
				GCC_NO_COMMON_BLOCKS = YES;
				GCC_WARN_64_TO_32_BIT_CONVERSION = YES;
				GCC_WARN_ABOUT_RETURN_TYPE = YES_ERROR;
				GCC_WARN_UNDECLARED_SELECTOR = YES;
				GCC_WARN_UNINITIALIZED_AUTOS = YES_AGGRESSIVE;
				GCC_WARN_UNUSED_FUNCTION = YES;
				GCC_WARN_UNUSED_VARIABLE = YES;
				IPHONEOS_DEPLOYMENT_TARGET = 13.2;
				MTL_ENABLE_DEBUG_INFO = NO;
				MTL_FAST_MATH = YES;
				SDKROOT = iphoneos;
				SWIFT_COMPILATION_MODE = wholemodule;
				SWIFT_OPTIMIZATION_LEVEL = "-O";
				VALIDATE_PRODUCT = YES;
			};
			name = Release;
		};
		EA14E94A241674F500F6C198 /* Debug */ = {
			isa = XCBuildConfiguration;
			buildSettings = {
				ASSETCATALOG_COMPILER_APPICON_NAME = AppIcon;
				CODE_SIGN_STYLE = Automatic;
				DEVELOPMENT_ASSET_PATHS = "\"Project_F/Preview Content\"";
				DEVELOPMENT_TEAM = ML29L2T573;
				ENABLE_PREVIEWS = YES;
				INFOPLIST_FILE = Project_F/Info.plist;
				LD_RUNPATH_SEARCH_PATHS = (
					"$(inherited)",
					"@executable_path/Frameworks",
				);
				PRODUCT_BUNDLE_IDENTIFIER = "com.daou.Project-F";
				PRODUCT_NAME = "$(TARGET_NAME)";
				SWIFT_VERSION = 5.0;
				TARGETED_DEVICE_FAMILY = "1,2";
			};
			name = Debug;
		};
		EA14E94B241674F500F6C198 /* Release */ = {
			isa = XCBuildConfiguration;
			buildSettings = {
				ASSETCATALOG_COMPILER_APPICON_NAME = AppIcon;
				CODE_SIGN_STYLE = Automatic;
				DEVELOPMENT_ASSET_PATHS = "\"Project_F/Preview Content\"";
				DEVELOPMENT_TEAM = ML29L2T573;
				ENABLE_PREVIEWS = YES;
				INFOPLIST_FILE = Project_F/Info.plist;
				LD_RUNPATH_SEARCH_PATHS = (
					"$(inherited)",
					"@executable_path/Frameworks",
				);
				PRODUCT_BUNDLE_IDENTIFIER = "com.daou.Project-F";
				PRODUCT_NAME = "$(TARGET_NAME)";
				SWIFT_VERSION = 5.0;
				TARGETED_DEVICE_FAMILY = "1,2";
			};
			name = Release;
		};
/* End XCBuildConfiguration section */

/* Begin XCConfigurationList section */
		EA14E930241674F400F6C198 /* Build configuration list for PBXProject "Project_F" */ = {
			isa = XCConfigurationList;
			buildConfigurations = (
				EA14E947241674F500F6C198 /* Debug */,
				EA14E948241674F500F6C198 /* Release */,
			);
			defaultConfigurationIsVisible = 0;
			defaultConfigurationName = Release;
		};
		EA14E949241674F500F6C198 /* Build configuration list for PBXNativeTarget "Project_F" */ = {
			isa = XCConfigurationList;
			buildConfigurations = (
				EA14E94A241674F500F6C198 /* Debug */,
				EA14E94B241674F500F6C198 /* Release */,
			);
			defaultConfigurationIsVisible = 0;
			defaultConfigurationName = Release;
		};
/* End XCConfigurationList section */
	};
	rootObject = EA14E92D241674F400F6C198 /* Project object */;
}
